
Microsoft Visual Studio Solution File, Format Version 12.00
# Visual Studio Version 17
VisualStudioVersion = 17.5.33424.131
MinimumVisualStudioVersion = 10.0.40219.1
Project("{8BC9CEB8-8B4A-11D0-8D11-00A0C91BC942}") = "LESI_PI_TP_27966_27958_27975", "LESI_PI_TP_27966_27958_27975.vcxproj", "{9B8D3710-E0DF-4376-810E-3FF70A60DF68}"
EndProject
Global
	GlobalSection(SolutionConfigurationPlatforms) = preSolution
		Debug|x64 = Debug|x64
		Debug|x86 = Debug|x86
		Release|x64 = Release|x64
		Release|x86 = Release|x86
	EndGlobalSection
	GlobalSection(ProjectConfigurationPlatforms) = postSolution
		{9B8D3710-E0DF-4376-810E-3FF70A60DF68}.Debug|x64.ActiveCfg = Debug|x64
		{9B8D3710-E0DF-4376-810E-3FF70A60DF68}.Debug|x64.Build.0 = Debug|x64
		{9B8D3710-E0DF-4376-810E-3FF70A60DF68}.Debug|x86.ActiveCfg = Debug|Win32
		{9B8D3710-E0DF-4376-810E-3FF70A60DF68}.Debug|x86.Build.0 = Debug|Win32
		{9B8D3710-E0DF-4376-810E-3FF70A60DF68}.Release|x64.ActiveCfg = Release|x64
		{9B8D3710-E0DF-4376-810E-3FF70A60DF68}.Release|x64.Build.0 = Release|x64
		{9B8D3710-E0DF-4376-810E-3FF70A60DF68}.Release|x86.ActiveCfg = Release|Win32
		{9B8D3710-E0DF-4376-810E-3FF70A60DF68}.Release|x86.Build.0 = Release|Win32
	EndGlobalSection
	GlobalSection(SolutionProperties) = preSolution
		HideSolutionNode = FALSE
	EndGlobalSection
	GlobalSection(ExtensibilityGlobals) = postSolution
		SolutionGuid = {3B1BEB3A-D474-4887-BAF1-147D7B605A4D}
	EndGlobalSection
EndGlobal
